
Microsoft Visual Studio Solution File, Format Version 12.00
# Visual Studio Version 17
VisualStudioVersion = 17.12.35527.113
MinimumVisualStudioVersion = 10.0.40219.1
Project("{FAE04EC0-301F-11D3-BF4B-00C04F79EFBC}") = "CSharp-Reference", "CSharp-Reference\CSharp-Reference.csproj", "{BE75E9EB-5533-49C0-8B37-097F9ABFCE54}"
EndProject
Global
	GlobalSection(SolutionConfigurationPlatforms) = preSolution
		Debug|Any CPU = Debug|Any CPU
		Release|Any CPU = Release|Any CPU
	EndGlobalSection
	GlobalSection(ProjectConfigurationPlatforms) = postSolution
		{BE75E9EB-5533-49C0-8B37-097F9ABFCE54}.Debug|Any CPU.ActiveCfg = Debug|Any CPU
		{BE75E9EB-5533-49C0-8B37-097F9ABFCE54}.Debug|Any CPU.Build.0 = Debug|Any CPU
		{BE75E9EB-5533-49C0-8B37-097F9ABFCE54}.Release|Any CPU.ActiveCfg = Release|Any CPU
		{BE75E9EB-5533-49C0-8B37-097F9ABFCE54}.Release|Any CPU.Build.0 = Release|Any CPU
	EndGlobalSection
	GlobalSection(SolutionProperties) = preSolution
		HideSolutionNode = FALSE
	EndGlobalSection
	GlobalSection(ExtensibilityGlobals) = postSolution
		SolutionGuid = {D49B72A4-32C5-46AF-8247-71C437916419}
	EndGlobalSection
EndGlobal
